{
    "_readme": [
        "This file locks the dependencies of your project to a known state",
        "Read more about it at https://getcomposer.org/doc/01-basic-usage.md#installing-dependencies",
        "This file is @generated automatically"
    ],
    "content-hash": "e9747f553212e3a775d8001b7032fd06",
    "packages": [
        {
            "name": "sinbadxiii/phalcon-auth",
            "version": "v2.0.2",
            "source": {
                "type": "git",
                "url": "https://github.com/sinbadxiii/phalcon-auth.git",
                "reference": "af4cea9a9d8ad3dee9e2a6319de008ad678ae3c6"
            },
            "dist": {
                "type": "zip",
                "url": "https://api.github.com/repos/sinbadxiii/phalcon-auth/zipball/af4cea9a9d8ad3dee9e2a6319de008ad678ae3c6",
                "reference": "af4cea9a9d8ad3dee9e2a6319de008ad678ae3c6",
                "shasum": ""
            },
            "require": {
                "php": "^7.4 || ^8.0"
            },
            "require-dev": {
                "mockery/mockery": "^1.4",
                "phpunit/phpunit": "^9.5"
            },
            "type": "library",
            "autoload": {
                "psr-4": {
                    "Sinbadxiii\\PhalconAuth\\": "src/"
                }
            },
            "notification-url": "https://packagist.org/downloads/",
            "license": [
                "MIT"
            ],
            "authors": [
                {
                    "name": "Sergey Mukhin",
                    "email": "sinbadxiii@gmail.com"
                }
            ],
            "description": "Phalcon Auth - Guard-Based Authentication",
            "keywords": [
                "Phalcon Auth",
                "auth",
                "authorization",
                "framework",
                "phalcon"
            ],
            "support": {
                "issues": "https://github.com/sinbadxiii/phalcon-auth/issues",
                "source": "https://github.com/sinbadxiii/phalcon-auth/tree/v2.0.2"
            },
            "time": "2022-09-09T06:32:50+00:00"
        }
    ],
    "packages-dev": [],
    "aliases": [],
    "minimum-stability": "stable",
    "stability-flags": [],
    "prefer-stable": false,
    "prefer-lowest": false,
    "platform": [],
    "platform-dev": [],
    "plugin-api-version": "2.3.0"
}
